// !$*UTF8*$!
{
	archiveVersion = 1;
	classes = {
	};
	objectVersion = 46;
	objects = {

/* Begin PBXBuildFile section */
		B845F42F1B5CDCEE003FDE15 /* main.m in Sources */ = {isa = PBXBuildFile; fileRef = B845F42E1B5CDCEE003FDE15 /* main.m */; };
		B845F4321B5CDCEE003FDE15 /* AppDelegate.m in Sources */ = {isa = PBXBuildFile; fileRef = B845F4311B5CDCEE003FDE15 /* AppDelegate.m */; };
		B845F4351B5CDCEE003FDE15 /* ViewController.m in Sources */ = {isa = PBXBuildFile; fileRef = B845F4341B5CDCEE003FDE15 /* ViewController.m */; };
		B845F4381B5CDCEE003FDE15 /* Main.storyboard in Resources */ = {isa = PBXBuildFile; fileRef = B845F4361B5CDCEE003FDE15 /* Main.storyboard */; };
		B845F43A1B5CDCEE003FDE15 /* Images.xcassets in Resources */ = {isa = PBXBuildFile; fileRef = B845F4391B5CDCEE003FDE15 /* Images.xcassets */; };
		B845F43D1B5CDCEE003FDE15 /* LaunchScreen.xib in Resources */ = {isa = PBXBuildFile; fileRef = B845F43B1B5CDCEE003FDE15 /* LaunchScreen.xib */; };
		B845F4491B5CDCEE003FDE15 /* TableViewTests.m in Sources */ = {isa = PBXBuildFile; fileRef = B845F4481B5CDCEE003FDE15 /* TableViewTests.m */; };
		B89295F71B5CFCC000529667 /* 3d-arrow_small.jpg in Resources */ = {isa = PBXBuildFile; fileRef = B89295F61B5CFCC000529667 /* 3d-arrow_small.jpg */; };
		B89295FA1B5D008D00529667 /* secViewController.m in Sources */ = {isa = PBXBuildFile; fileRef = B89295F91B5D008D00529667 /* secViewController.m */; };
/* End PBXBuildFile section */

/* Begin PBXContainerItemProxy section */
		B845F4431B5CDCEE003FDE15 /* PBXContainerItemProxy */ = {
			isa = PBXContainerItemProxy;
			containerPortal = B845F4211B5CDCEE003FDE15 /* Project object */;
			proxyType = 1;
			remoteGlobalIDString = B845F4281B5CDCEE003FDE15;
			remoteInfo = TableView;
		};
/* End PBXContainerItemProxy section */

/* Begin PBXFileReference section */
		B845F4291B5CDCEE003FDE15 /* TableView.app */ = {isa = PBXFileReference; explicitFileType = wrapper.application; includeInIndex = 0; path = TableView.app; sourceTree = BUILT_PRODUCTS_DIR; };
		B845F42D1B5CDCEE003FDE15 /* Info.plist */ = {isa = PBXFileReference; lastKnownFileType = text.plist.xml; path = Info.plist; sourceTree = "<group>"; };
		B845F42E1B5CDCEE003FDE15 /* main.m */ = {isa = PBXFileReference; lastKnownFileType = sourcecode.c.objc; path = main.m; sourceTree = "<group>"; };
		B845F4301B5CDCEE003FDE15 /* AppDelegate.h */ = {isa = PBXFileReference; lastKnownFileType = sourcecode.c.h; path = AppDelegate.h; sourceTree = "<group>"; };
		B845F4311B5CDCEE003FDE15 /* AppDelegate.m */ = {isa = PBXFileReference; lastKnownFileType = sourcecode.c.objc; path = AppDelegate.m; sourceTree = "<group>"; };
		B845F4331B5CDCEE003FDE15 /* ViewController.h */ = {isa = PBXFileReference; lastKnownFileType = sourcecode.c.h; path = ViewController.h; sourceTree = "<group>"; };
		B845F4341B5CDCEE003FDE15 /* ViewController.m */ = {isa = PBXFileReference; lastKnownFileType = sourcecode.c.objc; path = ViewController.m; sourceTree = "<group>"; };
		B845F4371B5CDCEE003FDE15 /* Base */ = {isa = PBXFileReference; lastKnownFileType = file.storyboard; name = Base; path = Base.lproj/Main.storyboard; sourceTree = "<group>"; };
		B845F4391B5CDCEE003FDE15 /* Images.xcassets */ = {isa = PBXFileReference; lastKnownFileType = folder.assetcatalog; path = Images.xcassets; sourceTree = "<group>"; };
		B845F43C1B5CDCEE003FDE15 /* Base */ = {isa = PBXFileReference; lastKnownFileType = file.xib; name = Base; path = Base.lproj/LaunchScreen.xib; sourceTree = "<group>"; };
		B845F4421B5CDCEE003FDE15 /* TableViewTests.xctest */ = {isa = PBXFileReference; explicitFileType = wrapper.cfbundle; includeInIndex = 0; path = TableViewTests.xctest; sourceTree = BUILT_PRODUCTS_DIR; };
		B845F4471B5CDCEE003FDE15 /* Info.plist */ = {isa = PBXFileReference; lastKnownFileType = text.plist.xml; path = Info.plist; sourceTree = "<group>"; };
		B845F4481B5CDCEE003FDE15 /* TableViewTests.m */ = {isa = PBXFileReference; lastKnownFileType = sourcecode.c.objc; path = TableViewTests.m; sourceTree = "<group>"; };
		B89295F61B5CFCC000529667 /* 3d-arrow_small.jpg */ = {isa = PBXFileReference; lastKnownFileType = image.jpeg; path = "3d-arrow_small.jpg"; sourceTree = "<group>"; };
		B89295F81B5D008D00529667 /* secViewController.h */ = {isa = PBXFileReference; fileEncoding = 4; lastKnownFileType = sourcecode.c.h; path = secViewController.h; sourceTree = "<group>"; };
		B89295F91B5D008D00529667 /* secViewController.m */ = {isa = PBXFileReference; fileEncoding = 4; lastKnownFileType = sourcecode.c.objc; path = secViewController.m; sourceTree = "<group>"; };
/* End PBXFileReference section */

/* Begin PBXFrameworksBuildPhase section */
		B845F4261B5CDCEE003FDE15 /* Frameworks */ = {
			isa = PBXFrameworksBuildPhase;
			buildActionMask = 2147483647;
			files = (
			);
			runOnlyForDeploymentPostprocessing = 0;
		};
		B845F43F1B5CDCEE003FDE15 /* Frameworks */ = {
			isa = PBXFrameworksBuildPhase;
			buildActionMask = 2147483647;
			files = (
			);
			runOnlyForDeploymentPostprocessing = 0;
		};
/* End PBXFrameworksBuildPhase section */

/* Begin PBXGroup section */
		B845F4201B5CDCEE003FDE15 = {
			isa = PBXGroup;
			children = (
				B89295F81B5D008D00529667 /* secViewController.h */,
				B89295F91B5D008D00529667 /* secViewController.m */,
				B845F42B1B5CDCEE003FDE15 /* TableView */,
				B845F4451B5CDCEE003FDE15 /* TableViewTests */,
				B845F42A1B5CDCEE003FDE15 /* Products */,
			);
			sourceTree = "<group>";
		};
		B845F42A1B5CDCEE003FDE15 /* Products */ = {
			isa = PBXGroup;
			children = (
				B845F4291B5CDCEE003FDE15 /* TableView.app */,
				B845F4421B5CDCEE003FDE15 /* TableViewTests.xctest */,
			);
			name = Products;
			sourceTree = "<group>";
		};
		B845F42B1B5CDCEE003FDE15 /* TableView */ = {
			isa = PBXGroup;
			children = (
				B89295F61B5CFCC000529667 /* 3d-arrow_small.jpg */,
				B845F4301B5CDCEE003FDE15 /* AppDelegate.h */,
				B845F4311B5CDCEE003FDE15 /* AppDelegate.m */,
				B845F4331B5CDCEE003FDE15 /* ViewController.h */,
				B845F4341B5CDCEE003FDE15 /* ViewController.m */,
				B845F4361B5CDCEE003FDE15 /* Main.storyboard */,
				B845F4391B5CDCEE003FDE15 /* Images.xcassets */,
				B845F43B1B5CDCEE003FDE15 /* LaunchScreen.xib */,
				B845F42C1B5CDCEE003FDE15 /* Supporting Files */,
			);
			path = TableView;
			sourceTree = "<group>";
		};
		B845F42C1B5CDCEE003FDE15 /* Supporting Files */ = {
			isa = PBXGroup;
			children = (
				B845F42D1B5CDCEE003FDE15 /* Info.plist */,
				B845F42E1B5CDCEE003FDE15 /* main.m */,
			);
			name = "Supporting Files";
			sourceTree = "<group>";
		};
		B845F4451B5CDCEE003FDE15 /* TableViewTests */ = {
			isa = PBXGroup;
			children = (
				B845F4481B5CDCEE003FDE15 /* TableViewTests.m */,
				B845F4461B5CDCEE003FDE15 /* Supporting Files */,
			);
			path = TableViewTests;
			sourceTree = "<group>";
		};
		B845F4461B5CDCEE003FDE15 /* Supporting Files */ = {
			isa = PBXGroup;
			children = (
				B845F4471B5CDCEE003FDE15 /* Info.plist */,
			);
			name = "Supporting Files";
			sourceTree = "<group>";
		};
/* End PBXGroup section */

/* Begin PBXNativeTarget section */
		B845F4281B5CDCEE003FDE15 /* TableView */ = {
			isa = PBXNativeTarget;
			buildConfigurationList = B845F44C1B5CDCEE003FDE15 /* Build configuration list for PBXNativeTarget "TableView" */;
			buildPhases = (
				B845F4251B5CDCEE003FDE15 /* Sources */,
				B845F4261B5CDCEE003FDE15 /* Frameworks */,
				B845F4271B5CDCEE003FDE15 /* Resources */,
			);
			buildRules = (
			);
			dependencies = (
			);
			name = TableView;
			productName = TableView;
			productReference = B845F4291B5CDCEE003FDE15 /* TableView.app */;
			productType = "com.apple.product-type.application";
		};
		B845F4411B5CDCEE003FDE15 /* TableViewTests */ = {
			isa = PBXNativeTarget;
			buildConfigurationList = B845F44F1B5CDCEE003FDE15 /* Build configuration list for PBXNativeTarget "TableViewTests" */;
			buildPhases = (
				B845F43E1B5CDCEE003FDE15 /* Sources */,
				B845F43F1B5CDCEE003FDE15 /* Frameworks */,
				B845F4401B5CDCEE003FDE15 /* Resources */,
			);
			buildRules = (
			);
			dependencies = (
				B845F4441B5CDCEE003FDE15 /* PBXTargetDependency */,
			);
			name = TableViewTests;
			productName = TableViewTests;
			productReference = B845F4421B5CDCEE003FDE15 /* TableViewTests.xctest */;
			productType = "com.apple.product-type.bundle.unit-test";
		};
/* End PBXNativeTarget section */

/* Begin PBXProject section */
		B845F4211B5CDCEE003FDE15 /* Project object */ = {
			isa = PBXProject;
			attributes = {
				LastUpgradeCheck = 0630;
				ORGANIZATIONNAME = "Optisol Business Solutions pvt ltd";
				TargetAttributes = {
					B845F4281B5CDCEE003FDE15 = {
						CreatedOnToolsVersion = 6.3;
					};
					B845F4411B5CDCEE003FDE15 = {
						CreatedOnToolsVersion = 6.3;
						TestTargetID = B845F4281B5CDCEE003FDE15;
					};
				};
			};
			buildConfigurationList = B845F4241B5CDCEE003FDE15 /* Build configuration list for PBXProject "TableView" */;
			compatibilityVersion = "Xcode 3.2";
			developmentRegion = English;
			hasScannedForEncodings = 0;
			knownRegions = (
				en,
				Base,
			);
			mainGroup = B845F4201B5CDCEE003FDE15;
			productRefGroup = B845F42A1B5CDCEE003FDE15 /* Products */;
			projectDirPath = "";
			projectRoot = "";
			targets = (
				B845F4281B5CDCEE003FDE15 /* TableView */,
				B845F4411B5CDCEE003FDE15 /* TableViewTests */,
			);
		};
/* End PBXProject section */

/* Begin PBXResourcesBuildPhase section */
		B845F4271B5CDCEE003FDE15 /* Resources */ = {
			isa = PBXResourcesBuildPhase;
			buildActionMask = 2147483647;
			files = (
				B89295F71B5CFCC000529667 /* 3d-arrow_small.jpg in Resources */,
				B845F4381B5CDCEE003FDE15 /* Main.storyboard in Resources */,
				B845F43D1B5CDCEE003FDE15 /* LaunchScreen.xib in Resources */,
				B845F43A1B5CDCEE003FDE15 /* Images.xcassets in Resources */,
			);
			runOnlyForDeploymentPostprocessing = 0;
		};
		B845F4401B5CDCEE003FDE15 /* Resources */ = {
			isa = PBXResourcesBuildPhase;
			buildActionMask = 2147483647;
			files = (
			);
			runOnlyForDeploymentPostprocessing = 0;
		};
/* End PBXResourcesBuildPhase section */

/* Begin PBXSourcesBuildPhase section */
		B845F4251B5CDCEE003FDE15 /* Sources */ = {
			isa = PBXSourcesBuildPhase;
			buildActionMask = 2147483647;
			files = (
				B89295FA1B5D008D00529667 /* secViewController.m in Sources */,
				B845F4351B5CDCEE003FDE15 /* ViewController.m in Sources */,
				B845F4321B5CDCEE003FDE15 /* AppDelegate.m in Sources */,
				B845F42F1B5CDCEE003FDE15 /* main.m in Sources */,
			);
			runOnlyForDeploymentPostprocessing = 0;
		};
		B845F43E1B5CDCEE003FDE15 /* Sources */ = {
			isa = PBXSourcesBuildPhase;
			buildActionMask = 2147483647;
			files = (
				B845F4491B5CDCEE003FDE15 /* TableViewTests.m in Sources */,
			);
			runOnlyForDeploymentPostprocessing = 0;
		};
/* End PBXSourcesBuildPhase section */

/* Begin PBXTargetDependency section */
		B845F4441B5CDCEE003FDE15 /* PBXTargetDependency */ = {
			isa = PBXTargetDependency;
			target = B845F4281B5CDCEE003FDE15 /* TableView */;
			targetProxy = B845F4431B5CDCEE003FDE15 /* PBXContainerItemProxy */;
		};
/* End PBXTargetDependency section */

/* Begin PBXVariantGroup section */
		B845F4361B5CDCEE003FDE15 /* Main.storyboard */ = {
			isa = PBXVariantGroup;
			children = (
				B845F4371B5CDCEE003FDE15 /* Base */,
			);
			name = Main.storyboard;
			sourceTree = "<group>";
		};
		B845F43B1B5CDCEE003FDE15 /* LaunchScreen.xib */ = {
			isa = PBXVariantGroup;
			children = (
				B845F43C1B5CDCEE003FDE15 /* Base */,
			);
			name = LaunchScreen.xib;
			sourceTree = "<group>";
		};
/* End PBXVariantGroup section */

/* Begin XCBuildConfiguration section */
		B845F44A1B5CDCEE003FDE15 /* Debug */ = {
			isa = XCBuildConfiguration;
			buildSettings = {
				ALWAYS_SEARCH_USER_PATHS = NO;
				CLANG_CXX_LANGUAGE_STANDARD = "gnu++0x";
				CLANG_CXX_LIBRARY = "libc++";
				CLANG_ENABLE_MODULES = YES;
				CLANG_ENABLE_OBJC_ARC = YES;
				CLANG_WARN_BOOL_CONVERSION = YES;
				CLANG_WARN_CONSTANT_CONVERSION = YES;
				CLANG_WARN_DIRECT_OBJC_ISA_USAGE = YES_ERROR;
				CLANG_WARN_EMPTY_BODY = YES;
				CLANG_WARN_ENUM_CONVERSION = YES;
				CLANG_WARN_INT_CONVERSION = YES;
				CLANG_WARN_OBJC_ROOT_CLASS = YES_ERROR;
				CLANG_WARN_UNREACHABLE_CODE = YES;
				CLANG_WARN__DUPLICATE_METHOD_MATCH = YES;
				"CODE_SIGN_IDENTITY[sdk=iphoneos*]" = "iPhone Developer";
				COPY_PHASE_STRIP = NO;
				DEBUG_INFORMATION_FORMAT = "dwarf-with-dsym";
				ENABLE_STRICT_OBJC_MSGSEND = YES;
				GCC_C_LANGUAGE_STANDARD = gnu99;
				GCC_DYNAMIC_NO_PIC = NO;
				GCC_NO_COMMON_BLOCKS = YES;
				GCC_OPTIMIZATION_LEVEL = 0;
				GCC_PREPROCESSOR_DEFINITIONS = (
					"DEBUG=1",
					"$(inherited)",
				);
				GCC_SYMBOLS_PRIVATE_EXTERN = NO;
				GCC_WARN_64_TO_32_BIT_CONVERSION = YES;
				GCC_WARN_ABOUT_RETURN_TYPE = YES_ERROR;
				GCC_WARN_UNDECLARED_SELECTOR = YES;
				GCC_WARN_UNINITIALIZED_AUTOS = YES_AGGRESSIVE;
				GCC_WARN_UNUSED_FUNCTION = YES;
				GCC_WARN_UNUSED_VARIABLE = YES;
				IPHONEOS_DEPLOYMENT_TARGET = 8.3;
				MTL_ENABLE_DEBUG_INFO = YES;
				ONLY_ACTIVE_ARCH = YES;
				SDKROOT = iphoneos;
				TARGETED_DEVICE_FAMILY = "1,2";
			};
			name = Debug;
		};
		B845F44B1B5CDCEE003FDE15 /* Release */ = {
			isa = XCBuildConfiguration;
			buildSettings = {
				ALWAYS_SEARCH_USER_PATHS = NO;
				CLANG_CXX_LANGUAGE_STANDARD = "gnu++0x";
				CLANG_CXX_LIBRARY = "libc++";
				CLANG_ENABLE_MODULES = YES;
				CLANG_ENABLE_OBJC_ARC = YES;
				CLANG_WARN_BOOL_CONVERSION = YES;
				CLANG_WARN_CONSTANT_CONVERSION = YES;
				CLANG_WARN_DIRECT_OBJC_ISA_USAGE = YES_ERROR;
				CLANG_WARN_EMPTY_BODY = YES;
				CLANG_WARN_ENUM_CONVERSION = YES;
				CLANG_WARN_INT_CONVERSION = YES;
				CLANG_WARN_OBJC_ROOT_CLASS = YES_ERROR;
				CLANG_WARN_UNREACHABLE_CODE = YES;
				CLANG_WARN__DUPLICATE_METHOD_MATCH = YES;
				"CODE_SIGN_IDENTITY[sdk=iphoneos*]" = "iPhone Developer";
				COPY_PHASE_STRIP = NO;
				DEBUG_INFORMATION_FORMAT = "dwarf-with-dsym";
				ENABLE_NS_ASSERTIONS = NO;
				ENABLE_STRICT_OBJC_MSGSEND = YES;
				GCC_C_LANGUAGE_STANDARD = gnu99;
				GCC_NO_COMMON_BLOCKS = YES;
				GCC_WARN_64_TO_32_BIT_CONVERSION = YES;
				GCC_WARN_ABOUT_RETURN_TYPE = YES_ERROR;
				GCC_WARN_UNDECLARED_SELECTOR = YES;
				GCC_WARN_UNINITIALIZED_AUTOS = YES_AGGRESSIVE;
				GCC_WARN_UNUSED_FUNCTION = YES;
				GCC_WARN_UNUSED_VARIABLE = YES;
				IPHONEOS_DEPLOYMENT_TARGET = 8.3;
				MTL_ENABLE_DEBUG_INFO = NO;
				SDKROOT = iphoneos;
				TARGETED_DEVICE_FAMILY = "1,2";
				VALIDATE_PRODUCT = YES;
			};
			name = Release;
		};
		B845F44D1B5CDCEE003FDE15 /* Debug */ = {
			isa = XCBuildConfiguration;
			buildSettings = {
				ASSETCATALOG_COMPILER_APPICON_NAME = AppIcon;
				INFOPLIST_FILE = TableView/Info.plist;
				LD_RUNPATH_SEARCH_PATHS = "$(inherited) @executable_path/Frameworks";
				PRODUCT_NAME = "$(TARGET_NAME)";
			};
			name = Debug;
		};
		B845F44E1B5CDCEE003FDE15 /* Release */ = {
			isa = XCBuildConfiguration;
			buildSettings = {
				ASSETCATALOG_COMPILER_APPICON_NAME = AppIcon;
				INFOPLIST_FILE = TableView/Info.plist;
				LD_RUNPATH_SEARCH_PATHS = "$(inherited) @executable_path/Frameworks";
				PRODUCT_NAME = "$(TARGET_NAME)";
			};
			name = Release;
		};
		B845F4501B5CDCEE003FDE15 /* Debug */ = {
			isa = XCBuildConfiguration;
			buildSettings = {
				BUNDLE_LOADER = "$(TEST_HOST)";
				FRAMEWORK_SEARCH_PATHS = (
					"$(SDKROOT)/Developer/Library/Frameworks",
					"$(inherited)",
				);
				GCC_PREPROCESSOR_DEFINITIONS = (
					"DEBUG=1",
					"$(inherited)",
				);
				INFOPLIST_FILE = TableViewTests/Info.plist;
				LD_RUNPATH_SEARCH_PATHS = "$(inherited) @executable_path/Frameworks @loader_path/Frameworks";
				PRODUCT_NAME = "$(TARGET_NAME)";
				TEST_HOST = "$(BUILT_PRODUCTS_DIR)/TableView.app/TableView";
			};
			name = Debug;
		};
		B845F4511B5CDCEE003FDE15 /* Release */ = {
			isa = XCBuildConfiguration;
			buildSettings = {
				BUNDLE_LOADER = "$(TEST_HOST)";
				FRAMEWORK_SEARCH_PATHS = (
					"$(SDKROOT)/Developer/Library/Frameworks",
					"$(inherited)",
				);
				INFOPLIST_FILE = TableViewTests/Info.plist;
				LD_RUNPATH_SEARCH_PATHS = "$(inherited) @executable_path/Frameworks @loader_path/Frameworks";
				PRODUCT_NAME = "$(TARGET_NAME)";
				TEST_HOST = "$(BUILT_PRODUCTS_DIR)/TableView.app/TableView";
			};
			name = Release;
		};
/* End XCBuildConfiguration section */

/* Begin XCConfigurationList section */
		B845F4241B5CDCEE003FDE15 /* Build configuration list for PBXProject "TableView" */ = {
			isa = XCConfigurationList;
			buildConfigurations = (
				B845F44A1B5CDCEE003FDE15 /* Debug */,
				B845F44B1B5CDCEE003FDE15 /* Release */,
			);
			defaultConfigurationIsVisible = 0;
			defaultConfigurationName = Release;
		};
		B845F44C1B5CDCEE003FDE15 /* Build configuration list for PBXNativeTarget "TableView" */ = {
			isa = XCConfigurationList;
			buildConfigurations = (
				B845F44D1B5CDCEE003FDE15 /* Debug */,
				B845F44E1B5CDCEE003FDE15 /* Release */,
			);
			defaultConfigurationIsVisible = 0;
			defaultConfigurationName = Release;
		};
		B845F44F1B5CDCEE003FDE15 /* Build configuration list for PBXNativeTarget "TableViewTests" */ = {
			isa = XCConfigurationList;
			buildConfigurations = (
				B845F4501B5CDCEE003FDE15 /* Debug */,
				B845F4511B5CDCEE003FDE15 /* Release */,
			);
			defaultConfigurationIsVisible = 0;
			defaultConfigurationName = Release;
		};
/* End XCConfigurationList section */
	};
	rootObject = B845F4211B5CDCEE003FDE15 /* Project object */;
}
